Microsoft Visual Studio Solution File, Format Version 12.00
# Visual Studio Version 17
VisualStudioVersion = 17.11.35111.106
MinimumVisualStudioVersion = 10.0.40219.1
Project("{9A19103F-16F7-4668-BE54-9A1E7A4F7556}") = "TeslaCam", "TeslaCam\TeslaCam.csproj", "{9C768647-8619-449C-AAE0-20028B36B016}"
EndProject
Project("{FAE04EC0-301F-11D3-BF4B-00C04F79EFBC}") = "TeslaCam.Tests", "TeslaCam.Tests\TeslaCam.Tests.csproj", "{56F8F036-5B8F-406D-90D7-69D2B8C00044}"
EndProject
Project("{FAE04EC0-301F-11D3-BF4B-00C04F79EFBC}") = "TeslaCam.Data", "TeslaCam.Data\TeslaCam.Data.csproj", "{CC8D9C71-FACD-4F9F-89FD-B67C0C58A144}"
EndProject
Project("{FAE04EC0-301F-11D3-BF4B-00C04F79EFBC}") = "TeslaCam.Processor", "TeslaCam.Processor\TeslaCam.Processor.csproj", "{14800C6D-1154-45D3-B0F1-883A62279CBE}"
EndProject
Global
	GlobalSection(SolutionConfigurationPlatforms) = preSolution
		Debug|Any CPU = Debug|Any CPU
		Release|Any CPU = Release|Any CPU
	EndGlobalSection
	GlobalSection(ProjectConfigurationPlatforms) = postSolution
		{9C768647-8619-449C-AAE0-20028B36B016}.Debug|Any CPU.ActiveCfg = Debug|Any CPU
		{9C768647-8619-449C-AAE0-20028B36B016}.Debug|Any CPU.Build.0 = Debug|Any CPU
		{9C768647-8619-449C-AAE0-20028B36B016}.Release|Any CPU.ActiveCfg = Release|Any CPU
		{9C768647-8619-449C-AAE0-20028B36B016}.Release|Any CPU.Build.0 = Release|Any CPU
		{56F8F036-5B8F-406D-90D7-69D2B8C00044}.Debug|Any CPU.ActiveCfg = Debug|Any CPU
		{56F8F036-5B8F-406D-90D7-69D2B8C00044}.Debug|Any CPU.Build.0 = Debug|Any CPU
		{56F8F036-5B8F-406D-90D7-69D2B8C00044}.Release|Any CPU.ActiveCfg = Release|Any CPU
		{56F8F036-5B8F-406D-90D7-69D2B8C00044}.Release|Any CPU.Build.0 = Release|Any CPU
		{CC8D9C71-FACD-4F9F-89FD-B67C0C58A144}.Debug|Any CPU.ActiveCfg = Debug|Any CPU
		{CC8D9C71-FACD-4F9F-89FD-B67C0C58A144}.Debug|Any CPU.Build.0 = Debug|Any CPU
		{CC8D9C71-FACD-4F9F-89FD-B67C0C58A144}.Release|Any CPU.ActiveCfg = Release|Any CPU
		{CC8D9C71-FACD-4F9F-89FD-B67C0C58A144}.Release|Any CPU.Build.0 = Release|Any CPU
		{14800C6D-1154-45D3-B0F1-883A62279CBE}.Debug|Any CPU.ActiveCfg = Debug|Any CPU
		{14800C6D-1154-45D3-B0F1-883A62279CBE}.Debug|Any CPU.Build.0 = Debug|Any CPU
		{14800C6D-1154-45D3-B0F1-883A62279CBE}.Release|Any CPU.ActiveCfg = Release|Any CPU
		{14800C6D-1154-45D3-B0F1-883A62279CBE}.Release|Any CPU.Build.0 = Release|Any CPU
	EndGlobalSection
	GlobalSection(SolutionProperties) = preSolution
		HideSolutionNode = FALSE
	EndGlobalSection
	GlobalSection(ExtensibilityGlobals) = postSolution
		SolutionGuid = {F66C12D5-9FD8-4CAA-9A8E-D410E234888F}
	EndGlobalSection
EndGlobal
